
Microsoft Visual Studio Solution File, Format Version 12.00
# Visual Studio Version 17
VisualStudioVersion = 17.5.002.0
MinimumVisualStudioVersion = 10.0.40219.1
Project("{9A19103F-16F7-4668-BE54-9A1E7A4F7556}") = "Bit_num", "Bit_num.csproj", "{2F7D956B-E3B7-43EA-8804-B7C730355E7D}"
EndProject
Global
	GlobalSection(SolutionConfigurationPlatforms) = preSolution
		Debug|Any CPU = Debug|Any CPU
		Release|Any CPU = Release|Any CPU
	EndGlobalSection
	GlobalSection(ProjectConfigurationPlatforms) = postSolution
		{2F7D956B-E3B7-43EA-8804-B7C730355E7D}.Debug|Any CPU.ActiveCfg = Debug|Any CPU
		{2F7D956B-E3B7-43EA-8804-B7C730355E7D}.Debug|Any CPU.Build.0 = Debug|Any CPU
		{2F7D956B-E3B7-43EA-8804-B7C730355E7D}.Release|Any CPU.ActiveCfg = Release|Any CPU
		{2F7D956B-E3B7-43EA-8804-B7C730355E7D}.Release|Any CPU.Build.0 = Release|Any CPU
	EndGlobalSection
	GlobalSection(SolutionProperties) = preSolution
		HideSolutionNode = FALSE
	EndGlobalSection
	GlobalSection(ExtensibilityGlobals) = postSolution
		SolutionGuid = {37452A07-09C6-43D2-AA2D-F0DFBF4737FA}
	EndGlobalSection
EndGlobal
